
Microsoft Visual Studio Solution File, Format Version 12.00
# Visual Studio Version 17
VisualStudioVersion = 17.8.34511.84
MinimumVisualStudioVersion = 10.0.40219.1
Project("{FAE04EC0-301F-11D3-BF4B-00C04F79EFBC}") = "Multicast Delegates", "Multicast Delegates.csproj", "{B9CB322B-54BB-498E-891F-562AC8F36F82}"
EndProject
Global
	GlobalSection(SolutionConfigurationPlatforms) = preSolution
		Debug|Any CPU = Debug|Any CPU
		Release|Any CPU = Release|Any CPU
	EndGlobalSection
	GlobalSection(ProjectConfigurationPlatforms) = postSolution
		{B9CB322B-54BB-498E-891F-562AC8F36F82}.Debug|Any CPU.ActiveCfg = Debug|Any CPU
		{B9CB322B-54BB-498E-891F-562AC8F36F82}.Debug|Any CPU.Build.0 = Debug|Any CPU
		{B9CB322B-54BB-498E-891F-562AC8F36F82}.Release|Any CPU.ActiveCfg = Release|Any CPU
		{B9CB322B-54BB-498E-891F-562AC8F36F82}.Release|Any CPU.Build.0 = Release|Any CPU
	EndGlobalSection
	GlobalSection(SolutionProperties) = preSolution
		HideSolutionNode = FALSE
	EndGlobalSection
	GlobalSection(ExtensibilityGlobals) = postSolution
		SolutionGuid = {97B5C2F9-D6E2-4F07-951B-9A0117382FFC}
	EndGlobalSection
EndGlobal
